
Microsoft Visual Studio Solution File, Format Version 12.00
# Visual Studio 14
VisualStudioVersion = 14.0.24720.0
MinimumVisualStudioVersion = 10.0.40219.1
Project("{FAE04EC0-301F-11D3-BF4B-00C04F79EFBC}") = "Fluffy.Droid", "Fluffy\Fluffy.Droid\Fluffy.Droid.csproj", "{700AFFC4-018A-4CBE-9693-A6A0C97091C6}"
EndProject
Project("{FAE04EC0-301F-11D3-BF4B-00C04F79EFBC}") = "Fluffy.WinPhone", "Fluffy\Fluffy.WinPhone\Fluffy.WinPhone.csproj", "{4D6D44D1-6F1F-4D92-A622-14AA158E0EF5}"
EndProject
Project("{FAE04EC0-301F-11D3-BF4B-00C04F79EFBC}") = "Fluffy.ViewModels", "Fluffy\Fluffy.ViewModels\Fluffy.ViewModels.csproj", "{86156C8B-BEA3-4A4E-9CD9-07319B4921D0}"
EndProject
Project("{FAE04EC0-301F-11D3-BF4B-00C04F79EFBC}") = "Fluffy.Common", "Fluffy\Fluffy.Common\Fluffy.Common.csproj", "{84E6F609-555B-4379-A9C0-03BCBE5D8540}"
EndProject
Project("{FAE04EC0-301F-11D3-BF4B-00C04F79EFBC}") = "Fluffy.Services", "Fluffy\Fluffy.Services\Fluffy.Services.csproj", "{A671A623-79BB-4735-A103-44FE26376EBA}"
EndProject
Project("{FAE04EC0-301F-11D3-BF4B-00C04F79EFBC}") = "Fluffy.iPhone", "Fluffy\Fluffy.iPhone\Fluffy.iPhone.csproj", "{53825DEC-E62B-46E6-BD08-32C0F7ABE015}"
EndProject
Global
	GlobalSection(SolutionConfigurationPlatforms) = preSolution
		Ad-Hoc|Any CPU = Ad-Hoc|Any CPU
		Ad-Hoc|ARM = Ad-Hoc|ARM
		Ad-Hoc|iPhone = Ad-Hoc|iPhone
		Ad-Hoc|iPhoneSimulator = Ad-Hoc|iPhoneSimulator
		Ad-Hoc|x86 = Ad-Hoc|x86
		AppStore|Any CPU = AppStore|Any CPU
		AppStore|ARM = AppStore|ARM
		AppStore|iPhone = AppStore|iPhone
		AppStore|iPhoneSimulator = AppStore|iPhoneSimulator
		AppStore|x86 = AppStore|x86
		Debug|Any CPU = Debug|Any CPU
		Debug|ARM = Debug|ARM
		Debug|iPhone = Debug|iPhone
		Debug|iPhoneSimulator = Debug|iPhoneSimulator
		Debug|x86 = Debug|x86
		Release|Any CPU = Release|Any CPU
		Release|ARM = Release|ARM
		Release|iPhone = Release|iPhone
		Release|iPhoneSimulator = Release|iPhoneSimulator
		Release|x86 = Release|x86
	EndGlobalSection
	GlobalSection(ProjectConfigurationPlatforms) = postSolution
		{700AFFC4-018A-4CBE-9693-A6A0C97091C6}.Ad-Hoc|Any CPU.ActiveCfg = Release|Any CPU
		{700AFFC4-018A-4CBE-9693-A6A0C97091C6}.Ad-Hoc|ARM.ActiveCfg = Release|Any CPU
		{700AFFC4-018A-4CBE-9693-A6A0C97091C6}.Ad-Hoc|iPhone.ActiveCfg = Release|Any CPU
		{700AFFC4-018A-4CBE-9693-A6A0C97091C6}.Ad-Hoc|iPhoneSimulator.ActiveCfg = Release|Any CPU
		{700AFFC4-018A-4CBE-9693-A6A0C97091C6}.Ad-Hoc|x86.ActiveCfg = Release|Any CPU
		{700AFFC4-018A-4CBE-9693-A6A0C97091C6}.AppStore|Any CPU.ActiveCfg = Release|Any CPU
		{700AFFC4-018A-4CBE-9693-A6A0C97091C6}.AppStore|ARM.ActiveCfg = Release|Any CPU
		{700AFFC4-018A-4CBE-9693-A6A0C97091C6}.AppStore|iPhone.ActiveCfg = Release|Any CPU
		{700AFFC4-018A-4CBE-9693-A6A0C97091C6}.AppStore|iPhoneSimulator.ActiveCfg = Release|Any CPU
		{700AFFC4-018A-4CBE-9693-A6A0C97091C6}.AppStore|x86.ActiveCfg = Release|Any CPU
		{700AFFC4-018A-4CBE-9693-A6A0C97091C6}.Debug|Any CPU.ActiveCfg = Debug|Any CPU
		{700AFFC4-018A-4CBE-9693-A6A0C97091C6}.Debug|Any CPU.Build.0 = Debug|Any CPU
		{700AFFC4-018A-4CBE-9693-A6A0C97091C6}.Debug|Any CPU.Deploy.0 = Debug|Any CPU
		{700AFFC4-018A-4CBE-9693-A6A0C97091C6}.Debug|ARM.ActiveCfg = Debug|Any CPU
		{700AFFC4-018A-4CBE-9693-A6A0C97091C6}.Debug|ARM.Build.0 = Debug|Any CPU
		{700AFFC4-018A-4CBE-9693-A6A0C97091C6}.Debug|ARM.Deploy.0 = Debug|Any CPU
		{700AFFC4-018A-4CBE-9693-A6A0C97091C6}.Debug|iPhone.ActiveCfg = Debug|Any CPU
		{700AFFC4-018A-4CBE-9693-A6A0C97091C6}.Debug|iPhone.Build.0 = Debug|Any CPU
		{700AFFC4-018A-4CBE-9693-A6A0C97091C6}.Debug|iPhone.Deploy.0 = Debug|Any CPU
		{700AFFC4-018A-4CBE-9693-A6A0C97091C6}.Debug|iPhoneSimulator.ActiveCfg = Debug|Any CPU
		{700AFFC4-018A-4CBE-9693-A6A0C97091C6}.Debug|iPhoneSimulator.Build.0 = Debug|Any CPU
		{700AFFC4-018A-4CBE-9693-A6A0C97091C6}.Debug|iPhoneSimulator.Deploy.0 = Debug|Any CPU
		{700AFFC4-018A-4CBE-9693-A6A0C97091C6}.Debug|x86.ActiveCfg = Debug|Any CPU
		{700AFFC4-018A-4CBE-9693-A6A0C97091C6}.Debug|x86.Build.0 = Debug|Any CPU
		{700AFFC4-018A-4CBE-9693-A6A0C97091C6}.Debug|x86.Deploy.0 = Debug|Any CPU
		{700AFFC4-018A-4CBE-9693-A6A0C97091C6}.Release|Any CPU.ActiveCfg = Release|Any CPU
		{700AFFC4-018A-4CBE-9693-A6A0C97091C6}.Release|Any CPU.Build.0 = Release|Any CPU
		{700AFFC4-018A-4CBE-9693-A6A0C97091C6}.Release|Any CPU.Deploy.0 = Release|Any CPU
		{700AFFC4-018A-4CBE-9693-A6A0C97091C6}.Release|ARM.ActiveCfg = Release|Any CPU
		{700AFFC4-018A-4CBE-9693-A6A0C97091C6}.Release|ARM.Build.0 = Release|Any CPU
		{700AFFC4-018A-4CBE-9693-A6A0C97091C6}.Release|ARM.Deploy.0 = Release|Any CPU
		{700AFFC4-018A-4CBE-9693-A6A0C97091C6}.Release|iPhone.ActiveCfg = Release|Any CPU
		{700AFFC4-018A-4CBE-9693-A6A0C97091C6}.Release|iPhone.Build.0 = Release|Any CPU
		{700AFFC4-018A-4CBE-9693-A6A0C97091C6}.Release|iPhone.Deploy.0 = Release|Any CPU
		{700AFFC4-018A-4CBE-9693-A6A0C97091C6}.Release|iPhoneSimulator.ActiveCfg = Release|Any CPU
		{700AFFC4-018A-4CBE-9693-A6A0C97091C6}.Release|iPhoneSimulator.Build.0 = Release|Any CPU
		{700AFFC4-018A-4CBE-9693-A6A0C97091C6}.Release|iPhoneSimulator.Deploy.0 = Release|Any CPU
		{700AFFC4-018A-4CBE-9693-A6A0C97091C6}.Release|x86.ActiveCfg = Release|Any CPU
		{700AFFC4-018A-4CBE-9693-A6A0C97091C6}.Release|x86.Build.0 = Release|Any CPU
		{700AFFC4-018A-4CBE-9693-A6A0C97091C6}.Release|x86.Deploy.0 = Release|Any CPU
		{4D6D44D1-6F1F-4D92-A622-14AA158E0EF5}.Ad-Hoc|Any CPU.ActiveCfg = Release|Any CPU
		{4D6D44D1-6F1F-4D92-A622-14AA158E0EF5}.Ad-Hoc|ARM.ActiveCfg = Release|ARM
		{4D6D44D1-6F1F-4D92-A622-14AA158E0EF5}.Ad-Hoc|iPhone.ActiveCfg = Release|Any CPU
		{4D6D44D1-6F1F-4D92-A622-14AA158E0EF5}.Ad-Hoc|iPhoneSimulator.ActiveCfg = Release|Any CPU
		{4D6D44D1-6F1F-4D92-A622-14AA158E0EF5}.Ad-Hoc|x86.ActiveCfg = Release|x86
		{4D6D44D1-6F1F-4D92-A622-14AA158E0EF5}.AppStore|Any CPU.ActiveCfg = Release|Any CPU
		{4D6D44D1-6F1F-4D92-A622-14AA158E0EF5}.AppStore|ARM.ActiveCfg = Release|ARM
		{4D6D44D1-6F1F-4D92-A622-14AA158E0EF5}.AppStore|iPhone.ActiveCfg = Release|Any CPU
		{4D6D44D1-6F1F-4D92-A622-14AA158E0EF5}.AppStore|iPhoneSimulator.ActiveCfg = Release|Any CPU
		{4D6D44D1-6F1F-4D92-A622-14AA158E0EF5}.AppStore|x86.ActiveCfg = Release|x86
		{4D6D44D1-6F1F-4D92-A622-14AA158E0EF5}.Debug|Any CPU.ActiveCfg = Debug|Any CPU
		{4D6D44D1-6F1F-4D92-A622-14AA158E0EF5}.Debug|Any CPU.Build.0 = Debug|Any CPU
		{4D6D44D1-6F1F-4D92-A622-14AA158E0EF5}.Debug|Any CPU.Deploy.0 = Debug|Any CPU
		{4D6D44D1-6F1F-4D92-A622-14AA158E0EF5}.Debug|ARM.ActiveCfg = Debug|ARM
		{4D6D44D1-6F1F-4D92-A622-14AA158E0EF5}.Debug|ARM.Build.0 = Debug|ARM
		{4D6D44D1-6F1F-4D92-A622-14AA158E0EF5}.Debug|ARM.Deploy.0 = Debug|ARM
		{4D6D44D1-6F1F-4D92-A622-14AA158E0EF5}.Debug|iPhone.ActiveCfg = Debug|Any CPU
		{4D6D44D1-6F1F-4D92-A622-14AA158E0EF5}.Debug|iPhone.Build.0 = Debug|Any CPU
		{4D6D44D1-6F1F-4D92-A622-14AA158E0EF5}.Debug|iPhone.Deploy.0 = Debug|Any CPU
		{4D6D44D1-6F1F-4D92-A622-14AA158E0EF5}.Debug|iPhoneSimulator.ActiveCfg = Debug|Any CPU
		{4D6D44D1-6F1F-4D92-A622-14AA158E0EF5}.Debug|iPhoneSimulator.Build.0 = Debug|Any CPU
		{4D6D44D1-6F1F-4D92-A622-14AA158E0EF5}.Debug|iPhoneSimulator.Deploy.0 = Debug|Any CPU
		{4D6D44D1-6F1F-4D92-A622-14AA158E0EF5}.Debug|x86.ActiveCfg = Debug|x86
		{4D6D44D1-6F1F-4D92-A622-14AA158E0EF5}.Debug|x86.Build.0 = Debug|x86
		{4D6D44D1-6F1F-4D92-A622-14AA158E0EF5}.Debug|x86.Deploy.0 = Debug|x86
		{4D6D44D1-6F1F-4D92-A622-14AA158E0EF5}.Release|Any CPU.ActiveCfg = Release|Any CPU
		{4D6D44D1-6F1F-4D92-A622-14AA158E0EF5}.Release|Any CPU.Build.0 = Release|Any CPU
		{4D6D44D1-6F1F-4D92-A622-14AA158E0EF5}.Release|Any CPU.Deploy.0 = Release|Any CPU
		{4D6D44D1-6F1F-4D92-A622-14AA158E0EF5}.Release|ARM.ActiveCfg = Release|ARM
		{4D6D44D1-6F1F-4D92-A622-14AA158E0EF5}.Release|ARM.Build.0 = Release|ARM
		{4D6D44D1-6F1F-4D92-A622-14AA158E0EF5}.Release|ARM.Deploy.0 = Release|ARM
		{4D6D44D1-6F1F-4D92-A622-14AA158E0EF5}.Release|iPhone.ActiveCfg = Release|Any CPU
		{4D6D44D1-6F1F-4D92-A622-14AA158E0EF5}.Release|iPhone.Build.0 = Release|Any CPU
		{4D6D44D1-6F1F-4D92-A622-14AA158E0EF5}.Release|iPhone.Deploy.0 = Release|Any CPU
		{4D6D44D1-6F1F-4D92-A622-14AA158E0EF5}.Release|iPhoneSimulator.ActiveCfg = Release|Any CPU
		{4D6D44D1-6F1F-4D92-A622-14AA158E0EF5}.Release|iPhoneSimulator.Build.0 = Release|Any CPU
		{4D6D44D1-6F1F-4D92-A622-14AA158E0EF5}.Release|iPhoneSimulator.Deploy.0 = Release|Any CPU
		{4D6D44D1-6F1F-4D92-A622-14AA158E0EF5}.Release|x86.ActiveCfg = Release|x86
		{4D6D44D1-6F1F-4D92-A622-14AA158E0EF5}.Release|x86.Build.0 = Release|x86
		{4D6D44D1-6F1F-4D92-A622-14AA158E0EF5}.Release|x86.Deploy.0 = Release|x86
		{86156C8B-BEA3-4A4E-9CD9-07319B4921D0}.Ad-Hoc|Any CPU.ActiveCfg = Release|Any CPU
		{86156C8B-BEA3-4A4E-9CD9-07319B4921D0}.Ad-Hoc|Any CPU.Build.0 = Release|Any CPU
		{86156C8B-BEA3-4A4E-9CD9-07319B4921D0}.Ad-Hoc|ARM.ActiveCfg = Release|Any CPU
		{86156C8B-BEA3-4A4E-9CD9-07319B4921D0}.Ad-Hoc|ARM.Build.0 = Release|Any CPU
		{86156C8B-BEA3-4A4E-9CD9-07319B4921D0}.Ad-Hoc|iPhone.ActiveCfg = Release|Any CPU
		{86156C8B-BEA3-4A4E-9CD9-07319B4921D0}.Ad-Hoc|iPhone.Build.0 = Release|Any CPU
		{86156C8B-BEA3-4A4E-9CD9-07319B4921D0}.Ad-Hoc|iPhoneSimulator.ActiveCfg = Release|Any CPU
		{86156C8B-BEA3-4A4E-9CD9-07319B4921D0}.Ad-Hoc|iPhoneSimulator.Build.0 = Release|Any CPU
		{86156C8B-BEA3-4A4E-9CD9-07319B4921D0}.Ad-Hoc|x86.ActiveCfg = Release|Any CPU
		{86156C8B-BEA3-4A4E-9CD9-07319B4921D0}.Ad-Hoc|x86.Build.0 = Release|Any CPU
		{86156C8B-BEA3-4A4E-9CD9-07319B4921D0}.AppStore|Any CPU.ActiveCfg = Release|Any CPU
		{86156C8B-BEA3-4A4E-9CD9-07319B4921D0}.AppStore|Any CPU.Build.0 = Release|Any CPU
		{86156C8B-BEA3-4A4E-9CD9-07319B4921D0}.AppStore|ARM.ActiveCfg = Release|Any CPU
		{86156C8B-BEA3-4A4E-9CD9-07319B4921D0}.AppStore|ARM.Build.0 = Release|Any CPU
		{86156C8B-BEA3-4A4E-9CD9-07319B4921D0}.AppStore|iPhone.ActiveCfg = Release|Any CPU
		{86156C8B-BEA3-4A4E-9CD9-07319B4921D0}.AppStore|iPhone.Build.0 = Release|Any CPU
		{86156C8B-BEA3-4A4E-9CD9-07319B4921D0}.AppStore|iPhoneSimulator.ActiveCfg = Release|Any CPU
		{86156C8B-BEA3-4A4E-9CD9-07319B4921D0}.AppStore|iPhoneSimulator.Build.0 = Release|Any CPU
		{86156C8B-BEA3-4A4E-9CD9-07319B4921D0}.AppStore|x86.ActiveCfg = Release|Any CPU
		{86156C8B-BEA3-4A4E-9CD9-07319B4921D0}.AppStore|x86.Build.0 = Release|Any CPU
		{86156C8B-BEA3-4A4E-9CD9-07319B4921D0}.Debug|Any CPU.ActiveCfg = Debug|Any CPU
		{86156C8B-BEA3-4A4E-9CD9-07319B4921D0}.Debug|Any CPU.Build.0 = Debug|Any CPU
		{86156C8B-BEA3-4A4E-9CD9-07319B4921D0}.Debug|ARM.ActiveCfg = Debug|Any CPU
		{86156C8B-BEA3-4A4E-9CD9-07319B4921D0}.Debug|ARM.Build.0 = Debug|Any CPU
		{86156C8B-BEA3-4A4E-9CD9-07319B4921D0}.Debug|iPhone.ActiveCfg = Debug|Any CPU
		{86156C8B-BEA3-4A4E-9CD9-07319B4921D0}.Debug|iPhone.Build.0 = Debug|Any CPU
		{86156C8B-BEA3-4A4E-9CD9-07319B4921D0}.Debug|iPhoneSimulator.ActiveCfg = Debug|Any CPU
		{86156C8B-BEA3-4A4E-9CD9-07319B4921D0}.Debug|iPhoneSimulator.Build.0 = Debug|Any CPU
		{86156C8B-BEA3-4A4E-9CD9-07319B4921D0}.Debug|x86.ActiveCfg = Debug|Any CPU
		{86156C8B-BEA3-4A4E-9CD9-07319B4921D0}.Debug|x86.Build.0 = Debug|Any CPU
		{86156C8B-BEA3-4A4E-9CD9-07319B4921D0}.Release|Any CPU.ActiveCfg = Release|Any CPU
		{86156C8B-BEA3-4A4E-9CD9-07319B4921D0}.Release|Any CPU.Build.0 = Release|Any CPU
		{86156C8B-BEA3-4A4E-9CD9-07319B4921D0}.Release|ARM.ActiveCfg = Release|Any CPU
		{86156C8B-BEA3-4A4E-9CD9-07319B4921D0}.Release|ARM.Build.0 = Release|Any CPU
		{86156C8B-BEA3-4A4E-9CD9-07319B4921D0}.Release|iPhone.ActiveCfg = Release|Any CPU
		{86156C8B-BEA3-4A4E-9CD9-07319B4921D0}.Release|iPhone.Build.0 = Release|Any CPU
		{86156C8B-BEA3-4A4E-9CD9-07319B4921D0}.Release|iPhoneSimulator.ActiveCfg = Release|Any CPU
		{86156C8B-BEA3-4A4E-9CD9-07319B4921D0}.Release|iPhoneSimulator.Build.0 = Release|Any CPU
		{86156C8B-BEA3-4A4E-9CD9-07319B4921D0}.Release|x86.ActiveCfg = Release|Any CPU
		{86156C8B-BEA3-4A4E-9CD9-07319B4921D0}.Release|x86.Build.0 = Release|Any CPU
		{84E6F609-555B-4379-A9C0-03BCBE5D8540}.Ad-Hoc|Any CPU.ActiveCfg = Release|Any CPU
		{84E6F609-555B-4379-A9C0-03BCBE5D8540}.Ad-Hoc|Any CPU.Build.0 = Release|Any CPU
		{84E6F609-555B-4379-A9C0-03BCBE5D8540}.Ad-Hoc|ARM.ActiveCfg = Release|Any CPU
		{84E6F609-555B-4379-A9C0-03BCBE5D8540}.Ad-Hoc|ARM.Build.0 = Release|Any CPU
		{84E6F609-555B-4379-A9C0-03BCBE5D8540}.Ad-Hoc|iPhone.ActiveCfg = Release|Any CPU
		{84E6F609-555B-4379-A9C0-03BCBE5D8540}.Ad-Hoc|iPhone.Build.0 = Release|Any CPU
		{84E6F609-555B-4379-A9C0-03BCBE5D8540}.Ad-Hoc|iPhoneSimulator.ActiveCfg = Release|Any CPU
		{84E6F609-555B-4379-A9C0-03BCBE5D8540}.Ad-Hoc|iPhoneSimulator.Build.0 = Release|Any CPU
		{84E6F609-555B-4379-A9C0-03BCBE5D8540}.Ad-Hoc|x86.ActiveCfg = Release|Any CPU
		{84E6F609-555B-4379-A9C0-03BCBE5D8540}.Ad-Hoc|x86.Build.0 = Release|Any CPU
		{84E6F609-555B-4379-A9C0-03BCBE5D8540}.AppStore|Any CPU.ActiveCfg = Release|Any CPU
		{84E6F609-555B-4379-A9C0-03BCBE5D8540}.AppStore|Any CPU.Build.0 = Release|Any CPU
		{84E6F609-555B-4379-A9C0-03BCBE5D8540}.AppStore|ARM.ActiveCfg = Release|Any CPU
		{84E6F609-555B-4379-A9C0-03BCBE5D8540}.AppStore|ARM.Build.0 = Release|Any CPU
		{84E6F609-555B-4379-A9C0-03BCBE5D8540}.AppStore|iPhone.ActiveCfg = Release|Any CPU
		{84E6F609-555B-4379-A9C0-03BCBE5D8540}.AppStore|iPhone.Build.0 = Release|Any CPU
		{84E6F609-555B-4379-A9C0-03BCBE5D8540}.AppStore|iPhoneSimulator.ActiveCfg = Release|Any CPU
		{84E6F609-555B-4379-A9C0-03BCBE5D8540}.AppStore|iPhoneSimulator.Build.0 = Release|Any CPU
		{84E6F609-555B-4379-A9C0-03BCBE5D8540}.AppStore|x86.ActiveCfg = Release|Any CPU
		{84E6F609-555B-4379-A9C0-03BCBE5D8540}.AppStore|x86.Build.0 = Release|Any CPU
		{84E6F609-555B-4379-A9C0-03BCBE5D8540}.Debug|Any CPU.ActiveCfg = Debug|Any CPU
		{84E6F609-555B-4379-A9C0-03BCBE5D8540}.Debug|Any CPU.Build.0 = Debug|Any CPU
		{84E6F609-555B-4379-A9C0-03BCBE5D8540}.Debug|ARM.ActiveCfg = Debug|Any CPU
		{84E6F609-555B-4379-A9C0-03BCBE5D8540}.Debug|ARM.Build.0 = Debug|Any CPU
		{84E6F609-555B-4379-A9C0-03BCBE5D8540}.Debug|iPhone.ActiveCfg = Debug|Any CPU
		{84E6F609-555B-4379-A9C0-03BCBE5D8540}.Debug|iPhone.Build.0 = Debug|Any CPU
		{84E6F609-555B-4379-A9C0-03BCBE5D8540}.Debug|iPhoneSimulator.ActiveCfg = Debug|Any CPU
		{84E6F609-555B-4379-A9C0-03BCBE5D8540}.Debug|iPhoneSimulator.Build.0 = Debug|Any CPU
		{84E6F609-555B-4379-A9C0-03BCBE5D8540}.Debug|x86.ActiveCfg = Debug|Any CPU
		{84E6F609-555B-4379-A9C0-03BCBE5D8540}.Debug|x86.Build.0 = Debug|Any CPU
		{84E6F609-555B-4379-A9C0-03BCBE5D8540}.Release|Any CPU.ActiveCfg = Release|Any CPU
		{84E6F609-555B-4379-A9C0-03BCBE5D8540}.Release|Any CPU.Build.0 = Release|Any CPU
		{84E6F609-555B-4379-A9C0-03BCBE5D8540}.Release|ARM.ActiveCfg = Release|Any CPU
		{84E6F609-555B-4379-A9C0-03BCBE5D8540}.Release|ARM.Build.0 = Release|Any CPU
		{84E6F609-555B-4379-A9C0-03BCBE5D8540}.Release|iPhone.ActiveCfg = Release|Any CPU
		{84E6F609-555B-4379-A9C0-03BCBE5D8540}.Release|iPhone.Build.0 = Release|Any CPU
		{84E6F609-555B-4379-A9C0-03BCBE5D8540}.Release|iPhoneSimulator.ActiveCfg = Release|Any CPU
		{84E6F609-555B-4379-A9C0-03BCBE5D8540}.Release|iPhoneSimulator.Build.0 = Release|Any CPU
		{84E6F609-555B-4379-A9C0-03BCBE5D8540}.Release|x86.ActiveCfg = Release|Any CPU
		{84E6F609-555B-4379-A9C0-03BCBE5D8540}.Release|x86.Build.0 = Release|Any CPU
		{A671A623-79BB-4735-A103-44FE26376EBA}.Ad-Hoc|Any CPU.ActiveCfg = Release|Any CPU
		{A671A623-79BB-4735-A103-44FE26376EBA}.Ad-Hoc|Any CPU.Build.0 = Release|Any CPU
		{A671A623-79BB-4735-A103-44FE26376EBA}.Ad-Hoc|ARM.ActiveCfg = Release|Any CPU
		{A671A623-79BB-4735-A103-44FE26376EBA}.Ad-Hoc|ARM.Build.0 = Release|Any CPU
		{A671A623-79BB-4735-A103-44FE26376EBA}.Ad-Hoc|iPhone.ActiveCfg = Release|Any CPU
		{A671A623-79BB-4735-A103-44FE26376EBA}.Ad-Hoc|iPhone.Build.0 = Release|Any CPU
		{A671A623-79BB-4735-A103-44FE26376EBA}.Ad-Hoc|iPhoneSimulator.ActiveCfg = Release|Any CPU
		{A671A623-79BB-4735-A103-44FE26376EBA}.Ad-Hoc|iPhoneSimulator.Build.0 = Release|Any CPU
		{A671A623-79BB-4735-A103-44FE26376EBA}.Ad-Hoc|x86.ActiveCfg = Release|Any CPU
		{A671A623-79BB-4735-A103-44FE26376EBA}.Ad-Hoc|x86.Build.0 = Release|Any CPU
		{A671A623-79BB-4735-A103-44FE26376EBA}.AppStore|Any CPU.ActiveCfg = Release|Any CPU
		{A671A623-79BB-4735-A103-44FE26376EBA}.AppStore|Any CPU.Build.0 = Release|Any CPU
		{A671A623-79BB-4735-A103-44FE26376EBA}.AppStore|ARM.ActiveCfg = Release|Any CPU
		{A671A623-79BB-4735-A103-44FE26376EBA}.AppStore|ARM.Build.0 = Release|Any CPU
		{A671A623-79BB-4735-A103-44FE26376EBA}.AppStore|iPhone.ActiveCfg = Release|Any CPU
		{A671A623-79BB-4735-A103-44FE26376EBA}.AppStore|iPhone.Build.0 = Release|Any CPU
		{A671A623-79BB-4735-A103-44FE26376EBA}.AppStore|iPhoneSimulator.ActiveCfg = Release|Any CPU
		{A671A623-79BB-4735-A103-44FE26376EBA}.AppStore|iPhoneSimulator.Build.0 = Release|Any CPU
		{A671A623-79BB-4735-A103-44FE26376EBA}.AppStore|x86.ActiveCfg = Release|Any CPU
		{A671A623-79BB-4735-A103-44FE26376EBA}.AppStore|x86.Build.0 = Release|Any CPU
		{A671A623-79BB-4735-A103-44FE26376EBA}.Debug|Any CPU.ActiveCfg = Debug|Any CPU
		{A671A623-79BB-4735-A103-44FE26376EBA}.Debug|Any CPU.Build.0 = Debug|Any CPU
		{A671A623-79BB-4735-A103-44FE26376EBA}.Debug|ARM.ActiveCfg = Debug|Any CPU
		{A671A623-79BB-4735-A103-44FE26376EBA}.Debug|ARM.Build.0 = Debug|Any CPU
		{A671A623-79BB-4735-A103-44FE26376EBA}.Debug|iPhone.ActiveCfg = Debug|Any CPU
		{A671A623-79BB-4735-A103-44FE26376EBA}.Debug|iPhone.Build.0 = Debug|Any CPU
		{A671A623-79BB-4735-A103-44FE26376EBA}.Debug|iPhoneSimulator.ActiveCfg = Debug|Any CPU
		{A671A623-79BB-4735-A103-44FE26376EBA}.Debug|iPhoneSimulator.Build.0 = Debug|Any CPU
		{A671A623-79BB-4735-A103-44FE26376EBA}.Debug|x86.ActiveCfg = Debug|Any CPU
		{A671A623-79BB-4735-A103-44FE26376EBA}.Debug|x86.Build.0 = Debug|Any CPU
		{A671A623-79BB-4735-A103-44FE26376EBA}.Release|Any CPU.ActiveCfg = Release|Any CPU
		{A671A623-79BB-4735-A103-44FE26376EBA}.Release|Any CPU.Build.0 = Release|Any CPU
		{A671A623-79BB-4735-A103-44FE26376EBA}.Release|ARM.ActiveCfg = Release|Any CPU
		{A671A623-79BB-4735-A103-44FE26376EBA}.Release|ARM.Build.0 = Release|Any CPU
		{A671A623-79BB-4735-A103-44FE26376EBA}.Release|iPhone.ActiveCfg = Release|Any CPU
		{A671A623-79BB-4735-A103-44FE26376EBA}.Release|iPhone.Build.0 = Release|Any CPU
		{A671A623-79BB-4735-A103-44FE26376EBA}.Release|iPhoneSimulator.ActiveCfg = Release|Any CPU
		{A671A623-79BB-4735-A103-44FE26376EBA}.Release|iPhoneSimulator.Build.0 = Release|Any CPU
		{A671A623-79BB-4735-A103-44FE26376EBA}.Release|x86.ActiveCfg = Release|Any CPU
		{A671A623-79BB-4735-A103-44FE26376EBA}.Release|x86.Build.0 = Release|Any CPU
		{53825DEC-E62B-46E6-BD08-32C0F7ABE015}.Ad-Hoc|Any CPU.ActiveCfg = Ad-Hoc|iPhone
		{53825DEC-E62B-46E6-BD08-32C0F7ABE015}.Ad-Hoc|ARM.ActiveCfg = Ad-Hoc|iPhone
		{53825DEC-E62B-46E6-BD08-32C0F7ABE015}.Ad-Hoc|iPhone.ActiveCfg = Ad-Hoc|iPhone
		{53825DEC-E62B-46E6-BD08-32C0F7ABE015}.Ad-Hoc|iPhone.Build.0 = Ad-Hoc|iPhone
		{53825DEC-E62B-46E6-BD08-32C0F7ABE015}.Ad-Hoc|iPhoneSimulator.ActiveCfg = Ad-Hoc|iPhoneSimulator
		{53825DEC-E62B-46E6-BD08-32C0F7ABE015}.Ad-Hoc|iPhoneSimulator.Build.0 = Ad-Hoc|iPhoneSimulator
		{53825DEC-E62B-46E6-BD08-32C0F7ABE015}.Ad-Hoc|x86.ActiveCfg = Ad-Hoc|iPhone
		{53825DEC-E62B-46E6-BD08-32C0F7ABE015}.AppStore|Any CPU.ActiveCfg = AppStore|iPhone
		{53825DEC-E62B-46E6-BD08-32C0F7ABE015}.AppStore|ARM.ActiveCfg = AppStore|iPhone
		{53825DEC-E62B-46E6-BD08-32C0F7ABE015}.AppStore|iPhone.ActiveCfg = AppStore|iPhone
		{53825DEC-E62B-46E6-BD08-32C0F7ABE015}.AppStore|iPhone.Build.0 = AppStore|iPhone
		{53825DEC-E62B-46E6-BD08-32C0F7ABE015}.AppStore|iPhoneSimulator.ActiveCfg = AppStore|iPhoneSimulator
		{53825DEC-E62B-46E6-BD08-32C0F7ABE015}.AppStore|iPhoneSimulator.Build.0 = AppStore|iPhoneSimulator
		{53825DEC-E62B-46E6-BD08-32C0F7ABE015}.AppStore|x86.ActiveCfg = AppStore|iPhone
		{53825DEC-E62B-46E6-BD08-32C0F7ABE015}.Debug|Any CPU.ActiveCfg = Debug|iPhone
		{53825DEC-E62B-46E6-BD08-32C0F7ABE015}.Debug|ARM.ActiveCfg = Debug|iPhone
		{53825DEC-E62B-46E6-BD08-32C0F7ABE015}.Debug|iPhone.ActiveCfg = Debug|iPhone
		{53825DEC-E62B-46E6-BD08-32C0F7ABE015}.Debug|iPhone.Build.0 = Debug|iPhone
		{53825DEC-E62B-46E6-BD08-32C0F7ABE015}.Debug|iPhoneSimulator.ActiveCfg = Debug|iPhoneSimulator
		{53825DEC-E62B-46E6-BD08-32C0F7ABE015}.Debug|iPhoneSimulator.Build.0 = Debug|iPhoneSimulator
		{53825DEC-E62B-46E6-BD08-32C0F7ABE015}.Debug|x86.ActiveCfg = Debug|iPhone
		{53825DEC-E62B-46E6-BD08-32C0F7ABE015}.Release|Any CPU.ActiveCfg = Release|iPhone
		{53825DEC-E62B-46E6-BD08-32C0F7ABE015}.Release|ARM.ActiveCfg = Release|iPhone
		{53825DEC-E62B-46E6-BD08-32C0F7ABE015}.Release|iPhone.ActiveCfg = Release|iPhone
		{53825DEC-E62B-46E6-BD08-32C0F7ABE015}.Release|iPhone.Build.0 = Release|iPhone
		{53825DEC-E62B-46E6-BD08-32C0F7ABE015}.Release|iPhoneSimulator.ActiveCfg = Release|iPhoneSimulator
		{53825DEC-E62B-46E6-BD08-32C0F7ABE015}.Release|iPhoneSimulator.Build.0 = Release|iPhoneSimulator
		{53825DEC-E62B-46E6-BD08-32C0F7ABE015}.Release|x86.ActiveCfg = Release|iPhone
	EndGlobalSection
	GlobalSection(SolutionProperties) = preSolution
		HideSolutionNode = FALSE
	EndGlobalSection
EndGlobal
